{
  "name": "help_my_net",
  "lockfileVersion": 2,
  "requires": true,
  "packages": {
    "": {
      "dependencies": {
        "cable_ready": "^5.0.0-pre8",
        "stimulus_reflex": "3.5.0-pre8"
      }
    },
    "node_modules/@rails/actioncable": {
      "version": "7.0.0",
      "resolved": "https://registry.npmjs.org/@rails/actioncable/-/actioncable-7.0.0.tgz",
      "integrity": "sha512-uKOGaA8xMNuMwsQrH65l4LxLZ4RD2czP0MKBU7PHIbQS6XvYc6xV9HDveGfgumZSZJYJSfUIiKiqh5mjlCOxPA==",
      "license": "MIT"
    },
    "node_modules/cable_ready": {
      "version": "5.0.0-pre8",
      "resolved": "https://registry.npmjs.org/cable_ready/-/cable_ready-5.0.0-pre8.tgz",
      "integrity": "sha512-5TyAp0DcYiv15YGlAI4WqEBw8Mz/lARSz/pIwEEVWWUnqWQhbsMqCIYIsQoV3IXudKOowaSbukbPRYFN0PYzKg==",
      "license": "MIT",
      "dependencies": {
        "morphdom": "^2.6.1"
      }
    },
    "node_modules/morphdom": {
      "version": "2.6.1",
      "resolved": "https://registry.npmjs.org/morphdom/-/morphdom-2.6.1.tgz",
      "integrity": "sha512-Y8YRbAEP3eKykroIBWrjcfMw7mmwJfjhqdpSvoqinu8Y702nAwikpXcNFDiIkyvfCLxLM9Wu95RZqo4a9jFBaA==",
      "license": "MIT"
    },
    "node_modules/stimulus_reflex": {
      "version": "3.5.0-pre8",
      "resolved": "https://registry.npmjs.org/stimulus_reflex/-/stimulus_reflex-3.5.0-pre8.tgz",
      "integrity": "sha512-9nGNTeMf3URG3VsgCVt53E22H4N1DzGoyQ99NxAloxe++hbXUwsR/Lfw29uSQXSHXvzWI+waOhjZxesCIlWxPQ==",
      "license": "MIT",
      "dependencies": {
        "@rails/actioncable": ">= 6.0",
        "cable_ready": "5.0.0-pre8"
      },
      "peerDependencies": {
        "stimulus": ">= 1.1"
      }
    }
  },
  "dependencies": {
    "@rails/actioncable": {
      "version": "7.0.0",
      "resolved": "https://registry.npmjs.org/@rails/actioncable/-/actioncable-7.0.0.tgz",
      "integrity": "sha512-uKOGaA8xMNuMwsQrH65l4LxLZ4RD2czP0MKBU7PHIbQS6XvYc6xV9HDveGfgumZSZJYJSfUIiKiqh5mjlCOxPA=="
    },
    "cable_ready": {
      "version": "5.0.0-pre8",
      "resolved": "https://registry.npmjs.org/cable_ready/-/cable_ready-5.0.0-pre8.tgz",
      "integrity": "sha512-5TyAp0DcYiv15YGlAI4WqEBw8Mz/lARSz/pIwEEVWWUnqWQhbsMqCIYIsQoV3IXudKOowaSbukbPRYFN0PYzKg==",
      "requires": {
        "morphdom": "^2.6.1"
      }
    },
    "morphdom": {
      "version": "2.6.1",
      "resolved": "https://registry.npmjs.org/morphdom/-/morphdom-2.6.1.tgz",
      "integrity": "sha512-Y8YRbAEP3eKykroIBWrjcfMw7mmwJfjhqdpSvoqinu8Y702nAwikpXcNFDiIkyvfCLxLM9Wu95RZqo4a9jFBaA=="
    },
    "stimulus_reflex": {
      "version": "3.5.0-pre8",
      "resolved": "https://registry.npmjs.org/stimulus_reflex/-/stimulus_reflex-3.5.0-pre8.tgz",
      "integrity": "sha512-9nGNTeMf3URG3VsgCVt53E22H4N1DzGoyQ99NxAloxe++hbXUwsR/Lfw29uSQXSHXvzWI+waOhjZxesCIlWxPQ==",
      "requires": {
        "@rails/actioncable": ">= 6.0",
        "cable_ready": "5.0.0-pre8"
      }
    }
  }
}
